GEM
  remote: https://rubygems.org/
  specs:
    js (2.7.1)
    prettier_print (1.2.1)
    rouge (4.6.1)
    ruby_wasm (2.7.1)
    ruby_wasm (2.7.1-aarch64-linux)
    ruby_wasm (2.7.1-aarch64-linux-musl)
    ruby_wasm (2.7.1-arm64-darwin)
    ruby_wasm (2.7.1-x86_64-darwin)
    ruby_wasm (2.7.1-x86_64-linux)
    ruby_wasm (2.7.1-x86_64-linux-musl)
    syntax_tree (6.3.0)
      prettier_print (>= 1.2.0)

PLATFORMS
  aarch64-linux
  aarch64-linux-musl
  arm64-darwin
  ruby
  x86_64-darwin
  x86_64-linux
  x86_64-linux-musl

DEPENDENCIES
  js
  rouge
  ruby_wasm
  syntax_tree

BUNDLED WITH
   2.7.2
